
Microsoft Visual Studio Solution File, Format Version 12.00
# Visual Studio Version 17
VisualStudioVersion = 17.2.32616.157
MinimumVisualStudioVersion = 10.0.40219.1
Project("{FAE04EC0-301F-11D3-BF4B-00C04F79EFBC}") = "FIAPSmartCity", "FIAPSmartCity\FIAPSmartCity.csproj", "{9EB6BDC3-167D-401D-BBF5-3D83953028C8}"
EndProject
Global
	GlobalSection(SolutionConfigurationPlatforms) = preSolution
		Debug|Any CPU = Debug|Any CPU
		Release|Any CPU = Release|Any CPU
	EndGlobalSection
	GlobalSection(ProjectConfigurationPlatforms) = postSolution
		{9EB6BDC3-167D-401D-BBF5-3D83953028C8}.Debug|Any CPU.ActiveCfg = Debug|Any CPU
		{9EB6BDC3-167D-401D-BBF5-3D83953028C8}.Debug|Any CPU.Build.0 = Debug|Any CPU
		{9EB6BDC3-167D-401D-BBF5-3D83953028C8}.Release|Any CPU.ActiveCfg = Release|Any CPU
		{9EB6BDC3-167D-401D-BBF5-3D83953028C8}.Release|Any CPU.Build.0 = Release|Any CPU
	EndGlobalSection
	GlobalSection(SolutionProperties) = preSolution
		HideSolutionNode = FALSE
	EndGlobalSection
	GlobalSection(ExtensibilityGlobals) = postSolution
		SolutionGuid = {24822A7E-7150-4084-844D-B4A2994E5FC0}
	EndGlobalSection
EndGlobal
